{
  "name": "kruxt-beta",
  "version": "0.1.0",
  "lockfileVersion": 3,
  "requires": true,
  "packages": {
    "": {
      "name": "kruxt-beta",
      "version": "0.1.0",
      "dependencies": {
        "@vitejs/plugin-react-swc": "^4.2.3",
        "autoprefixer": "^10.4.24",
        "postcss": "^8.5.6"
      },
      "devDependencies": {
        "turbo": "^2.4.4",
        "typescript": "^5.8.2"
      }
    },
    "node_modules/@rolldown/pluginutils": {
      "version": "1.0.0-rc.2",
      "resolved": "https://registry.npmjs.org/@rolldown/pluginutils/-/pluginutils-1.0.0-rc.2.tgz",
      "integrity": "sha512-izyXV/v+cHiRfozX62W9htOAvwMo4/bXKDrQ+vom1L1qRuexPock/7VZDAhnpHCLNejd3NJ6hiab+tO0D44Rgw==",
      "license": "MIT"
    },
    "node_modules/@swc/core": {
      "version": "1.15.11",
      "resolved": "https://registry.npmjs.org/@swc/core/-/core-1.15.11.tgz",
      "integrity": "sha512-iLmLTodbYxU39HhMPaMUooPwO/zqJWvsqkrXv1ZI38rMb048p6N7qtAtTp37sw9NzSrvH6oli8EdDygo09IZ/w==",
      "hasInstallScript": true,
      "license": "Apache-2.0",
      "dependencies": {
        "@swc/counter": "^0.1.3",
        "@swc/types": "^0.1.25"
      },
      "engines": {
        "node": ">=10"
      },
      "funding": {
        "type": "opencollective",
        "url": "https://opencollective.com/swc"
      },
      "optionalDependencies": {
        "@swc/core-darwin-arm64": "1.15.11",
        "@swc/core-darwin-x64": "1.15.11",
        "@swc/core-linux-arm-gnueabihf": "1.15.11",
        "@swc/core-linux-arm64-gnu": "1.15.11",
        "@swc/core-linux-arm64-musl": "1.15.11",
        "@swc/core-linux-x64-gnu": "1.15.11",
        "@swc/core-linux-x64-musl": "1.15.11",
        "@swc/core-win32-arm64-msvc": "1.15.11",
        "@swc/core-win32-ia32-msvc": "1.15.11",
        "@swc/core-win32-x64-msvc": "1.15.11"
      },
      "peerDependencies": {
        "@swc/helpers": ">=0.5.17"
      },
      "peerDependenciesMeta": {
        "@swc/helpers": {
          "optional": true
        }
      }
    },
    "node_modules/@swc/core-darwin-arm64": {
      "version": "1.15.11",
      "resolved": "https://registry.npmjs.org/@swc/core-darwin-arm64/-/core-darwin-arm64-1.15.11.tgz",
      "integrity": "sha512-QoIupRWVH8AF1TgxYyeA5nS18dtqMuxNwchjBIwJo3RdwLEFiJq6onOx9JAxHtuPwUkIVuU2Xbp+jCJ7Vzmgtg==",
      "cpu": [
        "arm64"
      ],
      "license": "Apache-2.0 AND MIT",
      "optional": true,
      "os": [
        "darwin"
      ],
      "engines": {
        "node": ">=10"
      }
    },
    "node_modules/@swc/core-darwin-x64": {
      "version": "1.15.11",
      "resolved": "https://registry.npmjs.org/@swc/core-darwin-x64/-/core-darwin-x64-1.15.11.tgz",
      "integrity": "sha512-S52Gu1QtPSfBYDiejlcfp9GlN+NjTZBRRNsz8PNwBgSE626/FUf2PcllVUix7jqkoMC+t0rS8t+2/aSWlMuQtA==",
      "cpu": [
        "x64"
      ],
      "license": "Apache-2.0 AND MIT",
      "optional": true,
      "os": [
        "darwin"
      ],
      "engines": {
        "node": ">=10"
      }
    },
    "node_modules/@swc/core-linux-arm-gnueabihf": {
      "version": "1.15.11",
      "resolved": "https://registry.npmjs.org/@swc/core-linux-arm-gnueabihf/-/core-linux-arm-gnueabihf-1.15.11.tgz",
      "integrity": "sha512-lXJs8oXo6Z4yCpimpQ8vPeCjkgoHu5NoMvmJZ8qxDyU99KVdg6KwU9H79vzrmB+HfH+dCZ7JGMqMF//f8Cfvdg==",
      "cpu": [
        "arm"
      ],
      "license": "Apache-2.0",
      "optional": true,
      "os": [
        "linux"
      ],
      "engines": {
        "node": ">=10"
      }
    },
    "node_modules/@swc/core-linux-arm64-gnu": {
      "version": "1.15.11",
      "resolved": "https://registry.npmjs.org/@swc/core-linux-arm64-gnu/-/core-linux-arm64-gnu-1.15.11.tgz",
      "integrity": "sha512-chRsz1K52/vj8Mfq/QOugVphlKPWlMh10V99qfH41hbGvwAU6xSPd681upO4bKiOr9+mRIZZW+EfJqY42ZzRyA==",
      "cpu": [
        "arm64"
      ],
      "license": "Apache-2.0 AND MIT",
      "optional": true,
      "os": [
        "linux"
      ],
      "engines": {
        "node": ">=10"
      }
    },
    "node_modules/@swc/core-linux-arm64-musl": {
      "version": "1.15.11",
      "resolved": "https://registry.npmjs.org/@swc/core-linux-arm64-musl/-/core-linux-arm64-musl-1.15.11.tgz",
      "integrity": "sha512-PYftgsTaGnfDK4m6/dty9ryK1FbLk+LosDJ/RJR2nkXGc8rd+WenXIlvHjWULiBVnS1RsjHHOXmTS4nDhe0v0w==",
      "cpu": [
        "arm64"
      ],
      "license": "Apache-2.0 AND MIT",
      "optional": true,
      "os": [
        "linux"
      ],
      "engines": {
        "node": ">=10"
      }
    },
    "node_modules/@swc/core-linux-x64-gnu": {
      "version": "1.15.11",
      "resolved": "https://registry.npmjs.org/@swc/core-linux-x64-gnu/-/core-linux-x64-gnu-1.15.11.tgz",
      "integrity": "sha512-DKtnJKIHiZdARyTKiX7zdRjiDS1KihkQWatQiCHMv+zc2sfwb4Glrodx2VLOX4rsa92NLR0Sw8WLcPEMFY1szQ==",
      "cpu": [
        "x64"
      ],
      "license": "Apache-2.0 AND MIT",
      "optional": true,
      "os": [
        "linux"
      ],
      "engines": {
        "node": ">=10"
      }
    },
    "node_modules/@swc/core-linux-x64-musl": {
      "version": "1.15.11",
      "resolved": "https://registry.npmjs.org/@swc/core-linux-x64-musl/-/core-linux-x64-musl-1.15.11.tgz",
      "integrity": "sha512-mUjjntHj4+8WBaiDe5UwRNHuEzLjIWBTSGTw0JT9+C9/Yyuh4KQqlcEQ3ro6GkHmBGXBFpGIj/o5VMyRWfVfWw==",
      "cpu": [
        "x64"
      ],
      "license": "Apache-2.0 AND MIT",
      "optional": true,
      "os": [
        "linux"
      ],
      "engines": {
        "node": ">=10"
      }
    },
    "node_modules/@swc/core-win32-arm64-msvc": {
      "version": "1.15.11",
      "resolved": "https://registry.npmjs.org/@swc/core-win32-arm64-msvc/-/core-win32-arm64-msvc-1.15.11.tgz",
      "integrity": "sha512-ZkNNG5zL49YpaFzfl6fskNOSxtcZ5uOYmWBkY4wVAvgbSAQzLRVBp+xArGWh2oXlY/WgL99zQSGTv7RI5E6nzA==",
      "cpu": [
        "arm64"
      ],
      "license": "Apache-2.0 AND MIT",
      "optional": true,
      "os": [
        "win32"
      ],
      "engines": {
        "node": ">=10"
      }
    },
    "node_modules/@swc/core-win32-ia32-msvc": {
      "version": "1.15.11",
      "resolved": "https://registry.npmjs.org/@swc/core-win32-ia32-msvc/-/core-win32-ia32-msvc-1.15.11.tgz",
      "integrity": "sha512-6XnzORkZCQzvTQ6cPrU7iaT9+i145oLwnin8JrfsLG41wl26+5cNQ2XV3zcbrnFEV6esjOceom9YO1w9mGJByw==",
      "cpu": [
        "ia32"
      ],
      "license": "Apache-2.0 AND MIT",
      "optional": true,
      "os": [
        "win32"
      ],
      "engines": {
        "node": ">=10"
      }
    },
    "node_modules/@swc/core-win32-x64-msvc": {
      "version": "1.15.11",
      "resolved": "https://registry.npmjs.org/@swc/core-win32-x64-msvc/-/core-win32-x64-msvc-1.15.11.tgz",
      "integrity": "sha512-IQ2n6af7XKLL6P1gIeZACskSxK8jWtoKpJWLZmdXTDj1MGzktUy4i+FvpdtxFmJWNavRWH1VmTr6kAubRDHeKw==",
      "cpu": [
        "x64"
      ],
      "license": "Apache-2.0 AND MIT",
      "optional": true,
      "os": [
        "win32"
      ],
      "engines": {
        "node": ">=10"
      }
    },
    "node_modules/@swc/counter": {
      "version": "0.1.3",
      "resolved": "https://registry.npmjs.org/@swc/counter/-/counter-0.1.3.tgz",
      "integrity": "sha512-e2BR4lsJkkRlKZ/qCHPw9ZaSxc0MVUd7gtbtaB7aMvHeJVYe8sOB8DBZkP2DtISHGSku9sCK6T6cnY0CtXrOCQ==",
      "license": "Apache-2.0"
    },
    "node_modules/@swc/types": {
      "version": "0.1.25",
      "resolved": "https://registry.npmjs.org/@swc/types/-/types-0.1.25.tgz",
      "integrity": "sha512-iAoY/qRhNH8a/hBvm3zKj9qQ4oc2+3w1unPJa2XvTK3XjeLXtzcCingVPw/9e5mn1+0yPqxcBGp9Jf0pkfMb1g==",
      "license": "Apache-2.0",
      "dependencies": {
        "@swc/counter": "^0.1.3"
      }
    },
    "node_modules/@vitejs/plugin-react-swc": {
      "version": "4.2.3",
      "resolved": "https://registry.npmjs.org/@vitejs/plugin-react-swc/-/plugin-react-swc-4.2.3.tgz",
      "integrity": "sha512-QIluDil2prhY1gdA3GGwxZzTAmLdi8cQ2CcuMW4PB/Wu4e/1pzqrwhYWVd09LInCRlDUidQjd0B70QWbjWtLxA==",
      "license": "MIT",
      "dependencies": {
        "@rolldown/pluginutils": "1.0.0-rc.2",
        "@swc/core": "^1.15.11"
      },
      "engines": {
        "node": "^20.19.0 || >=22.12.0"
      },
      "peerDependencies": {
        "vite": "^4 || ^5 || ^6 || ^7"
      }
    },
    "node_modules/autoprefixer": {
      "version": "10.4.24",
      "resolved": "https://registry.npmjs.org/autoprefixer/-/autoprefixer-10.4.24.tgz",
      "integrity": "sha512-uHZg7N9ULTVbutaIsDRoUkoS8/h3bdsmVJYZ5l3wv8Cp/6UIIoRDm90hZ+BwxUj/hGBEzLxdHNSKuFpn8WOyZw==",
      "funding": [
        {
          "type": "opencollective",
          "url": "https://opencollective.com/postcss/"
        },
        {
          "type": "tidelift",
          "url": "https://tidelift.com/funding/github/npm/autoprefixer"
        },
        {
          "type": "github",
          "url": "https://github.com/sponsors/ai"
        }
      ],
      "license": "MIT",
      "dependencies": {
        "browserslist": "^4.28.1",
        "caniuse-lite": "^1.0.30001766",
        "fraction.js": "^5.3.4",
        "picocolors": "^1.1.1",
        "postcss-value-parser": "^4.2.0"
      },
      "bin": {
        "autoprefixer": "bin/autoprefixer"
      },
      "engines": {
        "node": "^10 || ^12 || >=14"
      },
      "peerDependencies": {
        "postcss": "^8.1.0"
      }
    },
    "node_modules/baseline-browser-mapping": {
      "version": "2.10.0",
      "resolved": "https://registry.npmjs.org/baseline-browser-mapping/-/baseline-browser-mapping-2.10.0.tgz",
      "integrity": "sha512-lIyg0szRfYbiy67j9KN8IyeD7q7hcmqnJ1ddWmNt19ItGpNN64mnllmxUNFIOdOm6by97jlL6wfpTTJrmnjWAA==",
      "license": "Apache-2.0",
      "bin": {
        "baseline-browser-mapping": "dist/cli.cjs"
      },
      "engines": {
        "node": ">=6.0.0"
      }
    },
    "node_modules/browserslist": {
      "version": "4.28.1",
      "resolved": "https://registry.npmjs.org/browserslist/-/browserslist-4.28.1.tgz",
      "integrity": "sha512-ZC5Bd0LgJXgwGqUknZY/vkUQ04r8NXnJZ3yYi4vDmSiZmC/pdSN0NbNRPxZpbtO4uAfDUAFffO8IZoM3Gj8IkA==",
      "funding": [
        {
          "type": "opencollective",
          "url": "https://opencollective.com/browserslist"
        },
        {
          "type": "tidelift",
          "url": "https://tidelift.com/funding/github/npm/browserslist"
        },
        {
          "type": "github",
          "url": "https://github.com/sponsors/ai"
        }
      ],
      "license": "MIT",
      "dependencies": {
        "baseline-browser-mapping": "^2.9.0",
        "caniuse-lite": "^1.0.30001759",
        "electron-to-chromium": "^1.5.263",
        "node-releases": "^2.0.27",
        "update-browserslist-db": "^1.2.0"
      },
      "bin": {
        "browserslist": "cli.js"
      },
      "engines": {
        "node": "^6 || ^7 || ^8 || ^9 || ^10 || ^11 || ^12 || >=13.7"
      }
    },
    "node_modules/caniuse-lite": {
      "version": "1.0.30001770",
      "resolved": "https://registry.npmjs.org/caniuse-lite/-/caniuse-lite-1.0.30001770.tgz",
      "integrity": "sha512-x/2CLQ1jHENRbHg5PSId2sXq1CIO1CISvwWAj027ltMVG2UNgW+w9oH2+HzgEIRFembL8bUlXtfbBHR1fCg2xw==",
      "funding": [
        {
          "type": "opencollective",
          "url": "https://opencollective.com/browserslist"
        },
        {
          "type": "tidelift",
          "url": "https://tidelift.com/funding/github/npm/caniuse-lite"
        },
        {
          "type": "github",
          "url": "https://github.com/sponsors/ai"
        }
      ],
      "license": "CC-BY-4.0"
    },
    "node_modules/electron-to-chromium": {
      "version": "1.5.302",
      "resolved": "https://registry.npmjs.org/electron-to-chromium/-/electron-to-chromium-1.5.302.tgz",
      "integrity": "sha512-sM6HAN2LyK82IyPBpznDRqlTQAtuSaO+ShzFiWTvoMJLHyZ+Y39r8VMfHzwbU8MVBzQ4Wdn85+wlZl2TLGIlwg==",
      "license": "ISC"
    },
    "node_modules/escalade": {
      "version": "3.2.0",
      "resolved": "https://registry.npmjs.org/escalade/-/escalade-3.2.0.tgz",
      "integrity": "sha512-WUj2qlxaQtO4g6Pq5c29GTcWGDyd8itL8zTlipgECz3JesAiiOKotd8JU6otB3PACgG6xkJUyVhboMS+bje/jA==",
      "license": "MIT",
      "engines": {
        "node": ">=6"
      }
    },
    "node_modules/fraction.js": {
      "version": "5.3.4",
      "resolved": "https://registry.npmjs.org/fraction.js/-/fraction.js-5.3.4.tgz",
      "integrity": "sha512-1X1NTtiJphryn/uLQz3whtY6jK3fTqoE3ohKs0tT+Ujr1W59oopxmoEh7Lu5p6vBaPbgoM0bzveAW4Qi5RyWDQ==",
      "license": "MIT",
      "engines": {
        "node": "*"
      },
      "funding": {
        "type": "github",
        "url": "https://github.com/sponsors/rawify"
      }
    },
    "node_modules/nanoid": {
      "version": "3.3.11",
      "resolved": "https://registry.npmjs.org/nanoid/-/nanoid-3.3.11.tgz",
      "integrity": "sha512-N8SpfPUnUp1bK+PMYW8qSWdl9U+wwNWI4QKxOYDy9JAro3WMX7p2OeVRF9v+347pnakNevPmiHhNmZ2HbFA76w==",
      "funding": [
        {
          "type": "github",
          "url": "https://github.com/sponsors/ai"
        }
      ],
      "license": "MIT",
      "bin": {
        "nanoid": "bin/nanoid.cjs"
      },
      "engines": {
        "node": "^10 || ^12 || ^13.7 || ^14 || >=15.0.1"
      }
    },
    "node_modules/node-releases": {
      "version": "2.0.27",
      "resolved": "https://registry.npmjs.org/node-releases/-/node-releases-2.0.27.tgz",
      "integrity": "sha512-nmh3lCkYZ3grZvqcCH+fjmQ7X+H0OeZgP40OierEaAptX4XofMh5kwNbWh7lBduUzCcV/8kZ+NDLCwm2iorIlA==",
      "license": "MIT"
    },
    "node_modules/picocolors": {
      "version": "1.1.1",
      "resolved": "https://registry.npmjs.org/picocolors/-/picocolors-1.1.1.tgz",
      "integrity": "sha512-xceH2snhtb5M9liqDsmEw56le376mTZkEX/jEb/RxNFyegNul7eNslCXP9FDj/Lcu0X8KEyMceP2ntpaHrDEVA==",
      "license": "ISC"
    },
    "node_modules/postcss": {
      "version": "8.5.6",
      "resolved": "https://registry.npmjs.org/postcss/-/postcss-8.5.6.tgz",
      "integrity": "sha512-3Ybi1tAuwAP9s0r1UQ2J4n5Y0G05bJkpUIO0/bI9MhwmD70S5aTWbXGBwxHrelT+XM1k6dM0pk+SwNkpTRN7Pg==",
      "funding": [
        {
          "type": "opencollective",
          "url": "https://opencollective.com/postcss/"
        },
        {
          "type": "tidelift",
          "url": "https://tidelift.com/funding/github/npm/postcss"
        },
        {
          "type": "github",
          "url": "https://github.com/sponsors/ai"
        }
      ],
      "license": "MIT",
      "dependencies": {
        "nanoid": "^3.3.11",
        "picocolors": "^1.1.1",
        "source-map-js": "^1.2.1"
      },
      "engines": {
        "node": "^10 || ^12 || >=14"
      }
    },
    "node_modules/postcss-value-parser": {
      "version": "4.2.0",
      "resolved": "https://registry.npmjs.org/postcss-value-parser/-/postcss-value-parser-4.2.0.tgz",
      "integrity": "sha512-1NNCs6uurfkVbeXG4S8JFT9t19m45ICnif8zWLd5oPSZ50QnwMfK+H3jv408d4jw/7Bttv5axS5IiHoLaVNHeQ==",
      "license": "MIT"
    },
    "node_modules/source-map-js": {
      "version": "1.2.1",
      "resolved": "https://registry.npmjs.org/source-map-js/-/source-map-js-1.2.1.tgz",
      "integrity": "sha512-UXWMKhLOwVKb728IUtQPXxfYU+usdybtUrK/8uGE8CQMvrhOpwvzDBwj0QhSL7MQc7vIsISBG8VQ8+IDQxpfQA==",
      "license": "BSD-3-Clause",
      "engines": {
        "node": ">=0.10.0"
      }
    },
    "node_modules/turbo": {
      "version": "2.8.10",
      "resolved": "https://registry.npmjs.org/turbo/-/turbo-2.8.10.tgz",
      "integrity": "sha512-OxbzDES66+x7nnKGg2MwBA1ypVsZoDTLHpeaP4giyiHSixbsiTaMyeJqbEyvBdp5Cm28fc+8GG6RdQtic0ijwQ==",
      "dev": true,
      "license": "MIT",
      "bin": {
        "turbo": "bin/turbo"
      },
      "optionalDependencies": {
        "turbo-darwin-64": "2.8.10",
        "turbo-darwin-arm64": "2.8.10",
        "turbo-linux-64": "2.8.10",
        "turbo-linux-arm64": "2.8.10",
        "turbo-windows-64": "2.8.10",
        "turbo-windows-arm64": "2.8.10"
      }
    },
    "node_modules/turbo-darwin-64": {
      "version": "2.8.10",
      "resolved": "https://registry.npmjs.org/turbo-darwin-64/-/turbo-darwin-64-2.8.10.tgz",
      "integrity": "sha512-A03fXh+B7S8mL3PbdhTd+0UsaGrhfyPkODvzBDpKRY7bbeac4MDFpJ7I+Slf2oSkCEeSvHKR7Z4U71uKRUfX7g==",
      "cpu": [
        "x64"
      ],
      "dev": true,
      "license": "MIT",
      "optional": true,
      "os": [
        "darwin"
      ]
    },
    "node_modules/turbo-darwin-arm64": {
      "version": "2.8.10",
      "resolved": "https://registry.npmjs.org/turbo-darwin-arm64/-/turbo-darwin-arm64-2.8.10.tgz",
      "integrity": "sha512-sidzowgWL3s5xCHLeqwC9M3s9M0i16W1nuQF3Mc7fPHpZ+YPohvcbVFBB2uoRRHYZg6yBnwD4gyUHKTeXfwtXA==",
      "cpu": [
        "arm64"
      ],
      "dev": true,
      "license": "MIT",
      "optional": true,
      "os": [
        "darwin"
      ]
    },
    "node_modules/turbo-linux-64": {
      "version": "2.8.10",
      "resolved": "https://registry.npmjs.org/turbo-linux-64/-/turbo-linux-64-2.8.10.tgz",
      "integrity": "sha512-YK9vcpL3TVtqonB021XwgaQhY9hJJbKKUhLv16osxV0HkcQASQWUqR56yMge7puh6nxU67rQlTq1b7ksR1T3KA==",
      "cpu": [
        "x64"
      ],
      "dev": true,
      "license": "MIT",
      "optional": true,
      "os": [
        "linux"
      ]
    },
    "node_modules/turbo-linux-arm64": {
      "version": "2.8.10",
      "resolved": "https://registry.npmjs.org/turbo-linux-arm64/-/turbo-linux-arm64-2.8.10.tgz",
      "integrity": "sha512-3+j2tL0sG95iBJTm+6J8/45JsETQABPqtFyYjVjBbi6eVGdtNTiBmHNKrbvXRlQ3ZbUG75bKLaSSDHSEEN+btQ==",
      "cpu": [
        "arm64"
      ],
      "dev": true,
      "license": "MIT",
      "optional": true,
      "os": [
        "linux"
      ]
    },
    "node_modules/turbo-windows-64": {
      "version": "2.8.10",
      "resolved": "https://registry.npmjs.org/turbo-windows-64/-/turbo-windows-64-2.8.10.tgz",
      "integrity": "sha512-hdeF5qmVY/NFgiucf8FW0CWJWtyT2QPm5mIsX0W1DXAVzqKVXGq+Zf+dg4EUngAFKjDzoBeN6ec2Fhajwfztkw==",
      "cpu": [
        "x64"
      ],
      "dev": true,
      "license": "MIT",
      "optional": true,
      "os": [
        "win32"
      ]
    },
    "node_modules/turbo-windows-arm64": {
      "version": "2.8.10",
      "resolved": "https://registry.npmjs.org/turbo-windows-arm64/-/turbo-windows-arm64-2.8.10.tgz",
      "integrity": "sha512-QGdr/Q8LWmj+ITMkSvfiz2glf0d7JG0oXVzGL3jxkGqiBI1zXFj20oqVY0qWi+112LO9SVrYdpHS0E/oGFrMbQ==",
      "cpu": [
        "arm64"
      ],
      "dev": true,
      "license": "MIT",
      "optional": true,
      "os": [
        "win32"
      ]
    },
    "node_modules/typescript": {
      "version": "5.9.3",
      "resolved": "https://registry.npmjs.org/typescript/-/typescript-5.9.3.tgz",
      "integrity": "sha512-jl1vZzPDinLr9eUt3J/t7V6FgNEw9QjvBPdysz9KfQDD41fQrC2Y4vKQdiaUpFT4bXlb1RHhLpp8wtm6M5TgSw==",
      "dev": true,
      "license": "Apache-2.0",
      "bin": {
        "tsc": "bin/tsc",
        "tsserver": "bin/tsserver"
      },
      "engines": {
        "node": ">=14.17"
      }
    },
    "node_modules/update-browserslist-db": {
      "version": "1.2.3",
      "resolved": "https://registry.npmjs.org/update-browserslist-db/-/update-browserslist-db-1.2.3.tgz",
      "integrity": "sha512-Js0m9cx+qOgDxo0eMiFGEueWztz+d4+M3rGlmKPT+T4IS/jP4ylw3Nwpu6cpTTP8R1MAC1kF4VbdLt3ARf209w==",
      "funding": [
        {
          "type": "opencollective",
          "url": "https://opencollective.com/browserslist"
        },
        {
          "type": "tidelift",
          "url": "https://tidelift.com/funding/github/npm/browserslist"
        },
        {
          "type": "github",
          "url": "https://github.com/sponsors/ai"
        }
      ],
      "license": "MIT",
      "dependencies": {
        "escalade": "^3.2.0",
        "picocolors": "^1.1.1"
      },
      "bin": {
        "update-browserslist-db": "cli.js"
      },
      "peerDependencies": {
        "browserslist": ">= 4.21.0"
      }
    }
  }
}
