lockfileVersion: '9.0'

settings:
  autoInstallPeers: true
  excludeLinksFromLockfile: false

importers:

  .:
    devDependencies:
      turbo:
        specifier: ^2.4.4
        version: 2.8.10
      typescript:
        specifier: ^5.8.2
        version: 5.9.3

  apps/admin:
    dependencies:
      '@supabase/supabase-js':
        specifier: ^2.49.1
        version: 2.97.0
    devDependencies:
      typescript:
        specifier: ^5.8.2
        version: 5.9.3

  apps/mobile:
    dependencies:
      '@supabase/supabase-js':
        specifier: ^2.49.1
        version: 2.97.0
    devDependencies:
      typescript:
        specifier: ^5.8.2
        version: 5.9.3

  packages/db: {}

  packages/types:
    devDependencies:
      typescript:
        specifier: ^5.8.2
        version: 5.9.3

  packages/ui:
    devDependencies:
      typescript:
        specifier: ^5.8.2
        version: 5.9.3

packages:

  '@supabase/auth-js@2.97.0':
    resolution: {integrity: sha512-2Og/1lqp+AIavr8qS2X04aSl8RBY06y4LrtIAGxat06XoXYiDxKNQMQzWDAKm1EyZFZVRNH48DO5YvIZ7la5fQ==}
    engines: {node: '>=20.0.0'}

  '@supabase/functions-js@2.97.0':
    resolution: {integrity: sha512-fSaA0ZeBUS9hMgpGZt5shIZvfs3Mvx2ZdajQT4kv/whubqDBAp3GU5W8iIXy21MRvKmO2NpAj8/Q6y+ZkZyF/w==}
    engines: {node: '>=20.0.0'}

  '@supabase/postgrest-js@2.97.0':
    resolution: {integrity: sha512-g4Ps0eaxZZurvfv/KGoo2XPZNpyNtjth9aW8eho9LZWM0bUuBtxPZw3ZQ6ERSpEGogshR+XNgwlSPIwcuHCNww==}
    engines: {node: '>=20.0.0'}

  '@supabase/realtime-js@2.97.0':
    resolution: {integrity: sha512-37Jw0NLaFP0CZd7qCan97D1zWutPrTSpgWxAw6Yok59JZoxp4IIKMrPeftJ3LZHmf+ILQOPy3i0pRDHM9FY36Q==}
    engines: {node: '>=20.0.0'}

  '@supabase/storage-js@2.97.0':
    resolution: {integrity: sha512-9f6NniSBfuMxOWKwEFb+RjJzkfMdJUwv9oHuFJKfe/5VJR8cd90qw68m6Hn0ImGtwG37TUO+QHtoOechxRJ1Yg==}
    engines: {node: '>=20.0.0'}

  '@supabase/supabase-js@2.97.0':
    resolution: {integrity: sha512-kTD91rZNO4LvRUHv4x3/4hNmsEd2ofkYhuba2VMUPRVef1RCmnHtm7rIws38Fg0yQnOSZOplQzafn0GSiy6GVg==}
    engines: {node: '>=20.0.0'}

  '@types/node@25.3.0':
    resolution: {integrity: sha512-4K3bqJpXpqfg2XKGK9bpDTc6xO/xoUP/RBWS7AtRMug6zZFaRekiLzjVtAoZMquxoAbzBvy5nxQ7veS5eYzf8A==}

  '@types/phoenix@1.6.7':
    resolution: {integrity: sha512-oN9ive//QSBkf19rfDv45M7eZPi0eEXylht2OLEXicu5b4KoQ1OzXIw+xDSGWxSxe1JmepRR/ZH283vsu518/Q==}

  '@types/ws@8.18.1':
    resolution: {integrity: sha512-ThVF6DCVhA8kUGy+aazFQ4kXQ7E1Ty7A3ypFOe0IcJV8O/M511G99AW24irKrW56Wt44yG9+ij8FaqoBGkuBXg==}

  iceberg-js@0.8.1:
    resolution: {integrity: sha512-1dhVQZXhcHje7798IVM+xoo/1ZdVfzOMIc8/rgVSijRK38EDqOJoGula9N/8ZI5RD8QTxNQtK/Gozpr+qUqRRA==}
    engines: {node: '>=20.0.0'}

  tslib@2.8.1:
    resolution: {integrity: sha512-oJFu94HQb+KVduSUQL7wnpmqnfmLsOA/nAh6b6EH0wCEoK0/mPeXU6c3wKDV83MkOuHPRHtSXKKU99IBazS/2w==}

  turbo-darwin-64@2.8.10:
    resolution: {integrity: sha512-A03fXh+B7S8mL3PbdhTd+0UsaGrhfyPkODvzBDpKRY7bbeac4MDFpJ7I+Slf2oSkCEeSvHKR7Z4U71uKRUfX7g==}
    cpu: [x64]
    os: [darwin]

  turbo-darwin-arm64@2.8.10:
    resolution: {integrity: sha512-sidzowgWL3s5xCHLeqwC9M3s9M0i16W1nuQF3Mc7fPHpZ+YPohvcbVFBB2uoRRHYZg6yBnwD4gyUHKTeXfwtXA==}
    cpu: [arm64]
    os: [darwin]

  turbo-linux-64@2.8.10:
    resolution: {integrity: sha512-YK9vcpL3TVtqonB021XwgaQhY9hJJbKKUhLv16osxV0HkcQASQWUqR56yMge7puh6nxU67rQlTq1b7ksR1T3KA==}
    cpu: [x64]
    os: [linux]

  turbo-linux-arm64@2.8.10:
    resolution: {integrity: sha512-3+j2tL0sG95iBJTm+6J8/45JsETQABPqtFyYjVjBbi6eVGdtNTiBmHNKrbvXRlQ3ZbUG75bKLaSSDHSEEN+btQ==}
    cpu: [arm64]
    os: [linux]

  turbo-windows-64@2.8.10:
    resolution: {integrity: sha512-hdeF5qmVY/NFgiucf8FW0CWJWtyT2QPm5mIsX0W1DXAVzqKVXGq+Zf+dg4EUngAFKjDzoBeN6ec2Fhajwfztkw==}
    cpu: [x64]
    os: [win32]

  turbo-windows-arm64@2.8.10:
    resolution: {integrity: sha512-QGdr/Q8LWmj+ITMkSvfiz2glf0d7JG0oXVzGL3jxkGqiBI1zXFj20oqVY0qWi+112LO9SVrYdpHS0E/oGFrMbQ==}
    cpu: [arm64]
    os: [win32]

  turbo@2.8.10:
    resolution: {integrity: sha512-OxbzDES66+x7nnKGg2MwBA1ypVsZoDTLHpeaP4giyiHSixbsiTaMyeJqbEyvBdp5Cm28fc+8GG6RdQtic0ijwQ==}
    hasBin: true

  typescript@5.9.3:
    resolution: {integrity: sha512-jl1vZzPDinLr9eUt3J/t7V6FgNEw9QjvBPdysz9KfQDD41fQrC2Y4vKQdiaUpFT4bXlb1RHhLpp8wtm6M5TgSw==}
    engines: {node: '>=14.17'}
    hasBin: true

  undici-types@7.18.2:
    resolution: {integrity: sha512-AsuCzffGHJybSaRrmr5eHr81mwJU3kjw6M+uprWvCXiNeN9SOGwQ3Jn8jb8m3Z6izVgknn1R0FTCEAP2QrLY/w==}

  ws@8.19.0:
    resolution: {integrity: sha512-blAT2mjOEIi0ZzruJfIhb3nps74PRWTCz1IjglWEEpQl5XS/UNama6u2/rjFkDDouqr4L67ry+1aGIALViWjDg==}
    engines: {node: '>=10.0.0'}
    peerDependencies:
      bufferutil: ^4.0.1
      utf-8-validate: '>=5.0.2'
    peerDependenciesMeta:
      bufferutil:
        optional: true
      utf-8-validate:
        optional: true

snapshots:

  '@supabase/auth-js@2.97.0':
    dependencies:
      tslib: 2.8.1

  '@supabase/functions-js@2.97.0':
    dependencies:
      tslib: 2.8.1

  '@supabase/postgrest-js@2.97.0':
    dependencies:
      tslib: 2.8.1

  '@supabase/realtime-js@2.97.0':
    dependencies:
      '@types/phoenix': 1.6.7
      '@types/ws': 8.18.1
      tslib: 2.8.1
      ws: 8.19.0
    transitivePeerDependencies:
      - bufferutil
      - utf-8-validate

  '@supabase/storage-js@2.97.0':
    dependencies:
      iceberg-js: 0.8.1
      tslib: 2.8.1

  '@supabase/supabase-js@2.97.0':
    dependencies:
      '@supabase/auth-js': 2.97.0
      '@supabase/functions-js': 2.97.0
      '@supabase/postgrest-js': 2.97.0
      '@supabase/realtime-js': 2.97.0
      '@supabase/storage-js': 2.97.0
    transitivePeerDependencies:
      - bufferutil
      - utf-8-validate

  '@types/node@25.3.0':
    dependencies:
      undici-types: 7.18.2

  '@types/phoenix@1.6.7': {}

  '@types/ws@8.18.1':
    dependencies:
      '@types/node': 25.3.0

  iceberg-js@0.8.1: {}

  tslib@2.8.1: {}

  turbo-darwin-64@2.8.10:
    optional: true

  turbo-darwin-arm64@2.8.10:
    optional: true

  turbo-linux-64@2.8.10:
    optional: true

  turbo-linux-arm64@2.8.10:
    optional: true

  turbo-windows-64@2.8.10:
    optional: true

  turbo-windows-arm64@2.8.10:
    optional: true

  turbo@2.8.10:
    optionalDependencies:
      turbo-darwin-64: 2.8.10
      turbo-darwin-arm64: 2.8.10
      turbo-linux-64: 2.8.10
      turbo-linux-arm64: 2.8.10
      turbo-windows-64: 2.8.10
      turbo-windows-arm64: 2.8.10

  typescript@5.9.3: {}

  undici-types@7.18.2: {}

  ws@8.19.0: {}
